{
  "name": "qa",
  "requires": true,
  "lockfileVersion": 1,
  "dependencies": {
    "babyparse": {
      "version": "0.4.6",
      "resolved": "https://registry.npmjs.org/babyparse/-/babyparse-0.4.6.tgz",
      "integrity": "sha1-j/KbYtHmAMBlSv1jRX+X+iw26cE="
    },
    "lodash": {
      "version": "4.17.13",
      "resolved": "https://registry.npmjs.org/lodash/-/lodash-4.17.13.tgz",
      "integrity": "sha512-vm3/XWXfWtRua0FkUyEHBZy8kCPjErNBT9fJx8Zvs+U6zjqPbTUOpkaoum3O5uiA8sm+yNMHXfYkTUHFoMxFNA=="
    }
  }
}
