{
  "name": "qa",
  "requires": true,
  "lockfileVersion": 1,
  "dependencies": {
    "babyparse": {
      "version": "0.4.6",
      "resolved": "https://registry.npmjs.org/babyparse/-/babyparse-0.4.6.tgz",
      "integrity": "sha1-j/KbYtHmAMBlSv1jRX+X+iw26cE="
    },
    "lodash": {
      "version": "4.17.19",
      "resolved": "https://registry.npmjs.org/lodash/-/lodash-4.17.19.tgz",
      "integrity": "sha512-JNvd8XER9GQX0v2qJgsaN/mzFCNA5BRe/j8JN9d+tWyGLSodKQHKFicdwNYzWwI3wjRnaKPsGj1XkBjx/F96DQ=="
    }
  }
}
